
Microsoft Visual Studio Solution File, Format Version 12.00
# Visual Studio Version 16
VisualStudioVersion = 16.0.31005.135
MinimumVisualStudioVersion = 10.0.40219.1
Project("{9A19103F-16F7-4668-BE54-9A1E7A4F7556}") = "PSO2 Daily Calculator", "PSO2 Daily Order Calculator\PSO2 Daily Calculator.csproj", "{BAED2AC9-BF7E-4306-B861-DB81310AD904}"
EndProject
Global
	GlobalSection(SolutionConfigurationPlatforms) = preSolution
		Debug|Any CPU = Debug|Any CPU
		Release|Any CPU = Release|Any CPU
	EndGlobalSection
	GlobalSection(ProjectConfigurationPlatforms) = postSolution
		{BAED2AC9-BF7E-4306-B861-DB81310AD904}.Debug|Any CPU.ActiveCfg = Debug|Any CPU
		{BAED2AC9-BF7E-4306-B861-DB81310AD904}.Debug|Any CPU.Build.0 = Debug|Any CPU
		{BAED2AC9-BF7E-4306-B861-DB81310AD904}.Release|Any CPU.ActiveCfg = Release|Any CPU
		{BAED2AC9-BF7E-4306-B861-DB81310AD904}.Release|Any CPU.Build.0 = Release|Any CPU
	EndGlobalSection
	GlobalSection(SolutionProperties) = preSolution
		HideSolutionNode = FALSE
	EndGlobalSection
	GlobalSection(ExtensibilityGlobals) = postSolution
		SolutionGuid = {1F61E6CF-770F-4139-BF76-CA6BBC4A3965}
	EndGlobalSection
EndGlobal
